# THIS IS AN AUTOGENERATED FILE. DO NOT EDIT THIS FILE DIRECTLY.
# yarn lockfile v1


"itmar-block-packages@file:../../../../../../itmar-block-packages":
  version "1.6.3"
  resolved "file:../../../../../../itmar-block-packages"
  dependencies:
    "@wordpress/icons" "^9.47.0"
    lodash "^4.17.21"
    react-select "^5.8.0"
    styled-components "^6.1.8"
